
Microsoft Visual Studio Solution File, Format Version 12.00
# Visual Studio Version 17
VisualStudioVersion = 17.4.33213.308
MinimumVisualStudioVersion = 10.0.40219.1
Project("{FAE04EC0-301F-11D3-BF4B-00C04F79EFBC}") = "finalproject_se", "finalproject\finalproject_se.csproj", "{20CC92CA-8CF1-4B88-A09E-F095AEBD4B8C}"
EndProject
Global
	GlobalSection(SolutionConfigurationPlatforms) = preSolution
		Debug|Any CPU = Debug|Any CPU
		Release|Any CPU = Release|Any CPU
	EndGlobalSection
	GlobalSection(ProjectConfigurationPlatforms) = postSolution
		{20CC92CA-8CF1-4B88-A09E-F095AEBD4B8C}.Debug|Any CPU.ActiveCfg = Debug|Any CPU
		{20CC92CA-8CF1-4B88-A09E-F095AEBD4B8C}.Debug|Any CPU.Build.0 = Debug|Any CPU
		{20CC92CA-8CF1-4B88-A09E-F095AEBD4B8C}.Release|Any CPU.ActiveCfg = Release|Any CPU
		{20CC92CA-8CF1-4B88-A09E-F095AEBD4B8C}.Release|Any CPU.Build.0 = Release|Any CPU
	EndGlobalSection
	GlobalSection(SolutionProperties) = preSolution
		HideSolutionNode = FALSE
	EndGlobalSection
	GlobalSection(ExtensibilityGlobals) = postSolution
		SolutionGuid = {1C8DF1DB-2AD4-4F6A-8DBB-64CB6CA5AFEF}
	EndGlobalSection
EndGlobal
